// !$*UTF8*$!
{
	archiveVersion = 1;
	classes = {
	};
	objectVersion = 56;
	objects = {

/* Begin PBXBuildFile section */
		B26E4B152A505C5F0086F8A3 /* tilApp.swift in Sources */ = {isa = PBXBuildFile; fileRef = B26E4B142A505C5F0086F8A3 /* tilApp.swift */; };
		B26E4B172A505C5F0086F8A3 /* ContentView.swift in Sources */ = {isa = PBXBuildFile; fileRef = B26E4B162A505C5F0086F8A3 /* ContentView.swift */; };
		B26E4B192A505C600086F8A3 /* Assets.xcassets in Resources */ = {isa = PBXBuildFile; fileRef = B26E4B182A505C600086F8A3 /* Assets.xcassets */; };
		B26E4B1C2A505C600086F8A3 /* Preview Assets.xcassets in Resources */ = {isa = PBXBuildFile; fileRef = B26E4B1B2A505C600086F8A3 /* Preview Assets.xcassets */; };
		B26E4B232A505DDF0086F8A3 /* HCalendarView.swift in Sources */ = {isa = PBXBuildFile; fileRef = B26E4B222A505DDF0086F8A3 /* HCalendarView.swift */; };
		B26E4B262A505E6A0086F8A3 /* LINESeedKR-Rg.otf in Resources */ = {isa = PBXBuildFile; fileRef = B26E4B242A505E6A0086F8A3 /* LINESeedKR-Rg.otf */; };
		B26E4B272A505E6A0086F8A3 /* LINESeedKR-Bd.otf in Resources */ = {isa = PBXBuildFile; fileRef = B26E4B252A505E6A0086F8A3 /* LINESeedKR-Bd.otf */; };
		B26E4B2A2A505E8B0086F8A3 /* LINESeedKR-Th.otf in Resources */ = {isa = PBXBuildFile; fileRef = B26E4B292A505E8B0086F8A3 /* LINESeedKR-Th.otf */; };
		B26E4B2D2A505F4C0086F8A3 /* FontExtension.swift in Sources */ = {isa = PBXBuildFile; fileRef = B26E4B2C2A505F4C0086F8A3 /* FontExtension.swift */; };
		B26E4B2F2A50664E0086F8A3 /* BodyView.swift in Sources */ = {isa = PBXBuildFile; fileRef = B26E4B2E2A50664E0086F8A3 /* BodyView.swift */; };
		B26E4B312A514B650086F8A3 /* AddGoodView.swift in Sources */ = {isa = PBXBuildFile; fileRef = B26E4B302A514B650086F8A3 /* AddGoodView.swift */; };
		B26E4B332A5153BB0086F8A3 /* AddMoreView.swift in Sources */ = {isa = PBXBuildFile; fileRef = B26E4B322A5153BB0086F8A3 /* AddMoreView.swift */; };
		B26E4B352A5153C60086F8A3 /* AddInsightView.swift in Sources */ = {isa = PBXBuildFile; fileRef = B26E4B342A5153C60086F8A3 /* AddInsightView.swift */; };
/* End PBXBuildFile section */

/* Begin PBXFileReference section */
		B26E4B112A505C5F0086F8A3 /* til.app */ = {isa = PBXFileReference; explicitFileType = wrapper.application; includeInIndex = 0; path = til.app; sourceTree = BUILT_PRODUCTS_DIR; };
		B26E4B142A505C5F0086F8A3 /* tilApp.swift */ = {isa = PBXFileReference; lastKnownFileType = sourcecode.swift; path = tilApp.swift; sourceTree = "<group>"; };
		B26E4B162A505C5F0086F8A3 /* ContentView.swift */ = {isa = PBXFileReference; lastKnownFileType = sourcecode.swift; path = ContentView.swift; sourceTree = "<group>"; };
		B26E4B182A505C600086F8A3 /* Assets.xcassets */ = {isa = PBXFileReference; lastKnownFileType = folder.assetcatalog; path = Assets.xcassets; sourceTree = "<group>"; };
		B26E4B1B2A505C600086F8A3 /* Preview Assets.xcassets */ = {isa = PBXFileReference; lastKnownFileType = folder.assetcatalog; path = "Preview Assets.xcassets"; sourceTree = "<group>"; };
		B26E4B222A505DDF0086F8A3 /* HCalendarView.swift */ = {isa = PBXFileReference; lastKnownFileType = sourcecode.swift; path = HCalendarView.swift; sourceTree = "<group>"; };
		B26E4B242A505E6A0086F8A3 /* LINESeedKR-Rg.otf */ = {isa = PBXFileReference; lastKnownFileType = file; path = "LINESeedKR-Rg.otf"; sourceTree = "<group>"; };
		B26E4B252A505E6A0086F8A3 /* LINESeedKR-Bd.otf */ = {isa = PBXFileReference; lastKnownFileType = file; path = "LINESeedKR-Bd.otf"; sourceTree = "<group>"; };
		B26E4B292A505E8B0086F8A3 /* LINESeedKR-Th.otf */ = {isa = PBXFileReference; lastKnownFileType = file; path = "LINESeedKR-Th.otf"; sourceTree = "<group>"; };
		B26E4B2B2A505EDB0086F8A3 /* Info.plist */ = {isa = PBXFileReference; lastKnownFileType = text.plist; path = Info.plist; sourceTree = "<group>"; };
		B26E4B2C2A505F4C0086F8A3 /* FontExtension.swift */ = {isa = PBXFileReference; lastKnownFileType = sourcecode.swift; path = FontExtension.swift; sourceTree = "<group>"; };
		B26E4B2E2A50664E0086F8A3 /* BodyView.swift */ = {isa = PBXFileReference; lastKnownFileType = sourcecode.swift; path = BodyView.swift; sourceTree = "<group>"; };
		B26E4B302A514B650086F8A3 /* AddGoodView.swift */ = {isa = PBXFileReference; lastKnownFileType = sourcecode.swift; path = AddGoodView.swift; sourceTree = "<group>"; };
		B26E4B322A5153BB0086F8A3 /* AddMoreView.swift */ = {isa = PBXFileReference; lastKnownFileType = sourcecode.swift; path = AddMoreView.swift; sourceTree = "<group>"; };
		B26E4B342A5153C60086F8A3 /* AddInsightView.swift */ = {isa = PBXFileReference; lastKnownFileType = sourcecode.swift; path = AddInsightView.swift; sourceTree = "<group>"; };
/* End PBXFileReference section */

/* Begin PBXFrameworksBuildPhase section */
		B26E4B0E2A505C5F0086F8A3 /* Frameworks */ = {
			isa = PBXFrameworksBuildPhase;
			buildActionMask = 2147483647;
			files = (
			);
			runOnlyForDeploymentPostprocessing = 0;
		};
/* End PBXFrameworksBuildPhase section */

/* Begin PBXGroup section */
		B26E4B082A505C5F0086F8A3 = {
			isa = PBXGroup;
			children = (
				B26E4B132A505C5F0086F8A3 /* til */,
				B26E4B122A505C5F0086F8A3 /* Products */,
			);
			sourceTree = "<group>";
		};
		B26E4B122A505C5F0086F8A3 /* Products */ = {
			isa = PBXGroup;
			children = (
				B26E4B112A505C5F0086F8A3 /* til.app */,
			);
			name = Products;
			sourceTree = "<group>";
		};
		B26E4B132A505C5F0086F8A3 /* til */ = {
			isa = PBXGroup;
			children = (
				B26E4B2B2A505EDB0086F8A3 /* Info.plist */,
				B26E4B282A505E7A0086F8A3 /* Font */,
				B26E4B142A505C5F0086F8A3 /* tilApp.swift */,
				B26E4B162A505C5F0086F8A3 /* ContentView.swift */,
				B26E4B322A5153BB0086F8A3 /* AddMoreView.swift */,
				B26E4B342A5153C60086F8A3 /* AddInsightView.swift */,
				B26E4B2E2A50664E0086F8A3 /* BodyView.swift */,
				B26E4B302A514B650086F8A3 /* AddGoodView.swift */,
				B26E4B222A505DDF0086F8A3 /* HCalendarView.swift */,
				B26E4B2C2A505F4C0086F8A3 /* FontExtension.swift */,
				B26E4B182A505C600086F8A3 /* Assets.xcassets */,
				B26E4B1A2A505C600086F8A3 /* Preview Content */,
			);
			path = til;
			sourceTree = "<group>";
		};
		B26E4B1A2A505C600086F8A3 /* Preview Content */ = {
			isa = PBXGroup;
			children = (
				B26E4B1B2A505C600086F8A3 /* Preview Assets.xcassets */,
			);
			path = "Preview Content";
			sourceTree = "<group>";
		};
		B26E4B282A505E7A0086F8A3 /* Font */ = {
			isa = PBXGroup;
			children = (
				B26E4B292A505E8B0086F8A3 /* LINESeedKR-Th.otf */,
				B26E4B252A505E6A0086F8A3 /* LINESeedKR-Bd.otf */,
				B26E4B242A505E6A0086F8A3 /* LINESeedKR-Rg.otf */,
			);
			path = Font;
			sourceTree = "<group>";
		};
/* End PBXGroup section */

/* Begin PBXNativeTarget section */
		B26E4B102A505C5F0086F8A3 /* til */ = {
			isa = PBXNativeTarget;
			buildConfigurationList = B26E4B1F2A505C600086F8A3 /* Build configuration list for PBXNativeTarget "til" */;
			buildPhases = (
				B26E4B0D2A505C5F0086F8A3 /* Sources */,
				B26E4B0E2A505C5F0086F8A3 /* Frameworks */,
				B26E4B0F2A505C5F0086F8A3 /* Resources */,
			);
			buildRules = (
			);
			dependencies = (
			);
			name = til;
			productName = til;
			productReference = B26E4B112A505C5F0086F8A3 /* til.app */;
			productType = "com.apple.product-type.application";
		};
/* End PBXNativeTarget section */

/* Begin PBXProject section */
		B26E4B092A505C5F0086F8A3 /* Project object */ = {
			isa = PBXProject;
			attributes = {
				BuildIndependentTargetsInParallel = 1;
				LastSwiftUpdateCheck = 1400;
				LastUpgradeCheck = 1400;
				TargetAttributes = {
					B26E4B102A505C5F0086F8A3 = {
						CreatedOnToolsVersion = 14.0.1;
					};
				};
			};
			buildConfigurationList = B26E4B0C2A505C5F0086F8A3 /* Build configuration list for PBXProject "til" */;
			compatibilityVersion = "Xcode 14.0";
			developmentRegion = en;
			hasScannedForEncodings = 0;
			knownRegions = (
				en,
				Base,
			);
			mainGroup = B26E4B082A505C5F0086F8A3;
			productRefGroup = B26E4B122A505C5F0086F8A3 /* Products */;
			projectDirPath = "";
			projectRoot = "";
			targets = (
				B26E4B102A505C5F0086F8A3 /* til */,
			);
		};
/* End PBXProject section */

/* Begin PBXResourcesBuildPhase section */
		B26E4B0F2A505C5F0086F8A3 /* Resources */ = {
			isa = PBXResourcesBuildPhase;
			buildActionMask = 2147483647;
			files = (
				B26E4B262A505E6A0086F8A3 /* LINESeedKR-Rg.otf in Resources */,
				B26E4B272A505E6A0086F8A3 /* LINESeedKR-Bd.otf in Resources */,
				B26E4B2A2A505E8B0086F8A3 /* LINESeedKR-Th.otf in Resources */,
				B26E4B1C2A505C600086F8A3 /* Preview Assets.xcassets in Resources */,
				B26E4B192A505C600086F8A3 /* Assets.xcassets in Resources */,
			);
			runOnlyForDeploymentPostprocessing = 0;
		};
/* End PBXResourcesBuildPhase section */

/* Begin PBXSourcesBuildPhase section */
		B26E4B0D2A505C5F0086F8A3 /* Sources */ = {
			isa = PBXSourcesBuildPhase;
			buildActionMask = 2147483647;
			files = (
				B26E4B172A505C5F0086F8A3 /* ContentView.swift in Sources */,
				B26E4B152A505C5F0086F8A3 /* tilApp.swift in Sources */,
				B26E4B312A514B650086F8A3 /* AddGoodView.swift in Sources */,
				B26E4B2F2A50664E0086F8A3 /* BodyView.swift in Sources */,
				B26E4B2D2A505F4C0086F8A3 /* FontExtension.swift in Sources */,
				B26E4B232A505DDF0086F8A3 /* HCalendarView.swift in Sources */,
				B26E4B332A5153BB0086F8A3 /* AddMoreView.swift in Sources */,
				B26E4B352A5153C60086F8A3 /* AddInsightView.swift in Sources */,
			);
			runOnlyForDeploymentPostprocessing = 0;
		};
/* End PBXSourcesBuildPhase section */

/* Begin XCBuildConfiguration section */
		B26E4B1D2A505C600086F8A3 /* Debug */ = {
			isa = XCBuildConfiguration;
			buildSettings = {
				ALWAYS_SEARCH_USER_PATHS = NO;
				CLANG_ANALYZER_NONNULL = YES;
				CLANG_ANALYZER_NUMBER_OBJECT_CONVERSION = YES_AGGRESSIVE;
				CLANG_CXX_LANGUAGE_STANDARD = "gnu++20";
				CLANG_ENABLE_MODULES = YES;
				CLANG_ENABLE_OBJC_ARC = YES;
				CLANG_ENABLE_OBJC_WEAK = YES;
				CLANG_WARN_BLOCK_CAPTURE_AUTORELEASING = YES;
				CLANG_WARN_BOOL_CONVERSION = YES;
				CLANG_WARN_COMMA = YES;
				CLANG_WARN_CONSTANT_CONVERSION = YES;
				CLANG_WARN_DEPRECATED_OBJC_IMPLEMENTATIONS = YES;
				CLANG_WARN_DIRECT_OBJC_ISA_USAGE = YES_ERROR;
				CLANG_WARN_DOCUMENTATION_COMMENTS = YES;
				CLANG_WARN_EMPTY_BODY = YES;
				CLANG_WARN_ENUM_CONVERSION = YES;
				CLANG_WARN_INFINITE_RECURSION = YES;
				CLANG_WARN_INT_CONVERSION = YES;
				CLANG_WARN_NON_LITERAL_NULL_CONVERSION = YES;
				CLANG_WARN_OBJC_IMPLICIT_RETAIN_SELF = YES;
				CLANG_WARN_OBJC_LITERAL_CONVERSION = YES;
				CLANG_WARN_OBJC_ROOT_CLASS = YES_ERROR;
				CLANG_WARN_QUOTED_INCLUDE_IN_FRAMEWORK_HEADER = YES;
				CLANG_WARN_RANGE_LOOP_ANALYSIS = YES;
				CLANG_WARN_STRICT_PROTOTYPES = YES;
				CLANG_WARN_SUSPICIOUS_MOVE = YES;
				CLANG_WARN_UNGUARDED_AVAILABILITY = YES_AGGRESSIVE;
				CLANG_WARN_UNREACHABLE_CODE = YES;
				CLANG_WARN__DUPLICATE_METHOD_MATCH = YES;
				COPY_PHASE_STRIP = NO;
				DEBUG_INFORMATION_FORMAT = dwarf;
				ENABLE_STRICT_OBJC_MSGSEND = YES;
				ENABLE_TESTABILITY = YES;
				GCC_C_LANGUAGE_STANDARD = gnu11;
				GCC_DYNAMIC_NO_PIC = NO;
				GCC_NO_COMMON_BLOCKS = YES;
				GCC_OPTIMIZATION_LEVEL = 0;
				GCC_PREPROCESSOR_DEFINITIONS = (
					"DEBUG=1",
					"$(inherited)",
				);
				GCC_WARN_64_TO_32_BIT_CONVERSION = YES;
				GCC_WARN_ABOUT_RETURN_TYPE = YES_ERROR;
				GCC_WARN_UNDECLARED_SELECTOR = YES;
				GCC_WARN_UNINITIALIZED_AUTOS = YES_AGGRESSIVE;
				GCC_WARN_UNUSED_FUNCTION = YES;
				GCC_WARN_UNUSED_VARIABLE = YES;
				IPHONEOS_DEPLOYMENT_TARGET = 16.0;
				MTL_ENABLE_DEBUG_INFO = INCLUDE_SOURCE;
				MTL_FAST_MATH = YES;
				ONLY_ACTIVE_ARCH = YES;
				SDKROOT = iphoneos;
				SWIFT_ACTIVE_COMPILATION_CONDITIONS = DEBUG;
				SWIFT_OPTIMIZATION_LEVEL = "-Onone";
			};
			name = Debug;
		};
		B26E4B1E2A505C600086F8A3 /* Release */ = {
			isa = XCBuildConfiguration;
			buildSettings = {
				ALWAYS_SEARCH_USER_PATHS = NO;
				CLANG_ANALYZER_NONNULL = YES;
				CLANG_ANALYZER_NUMBER_OBJECT_CONVERSION = YES_AGGRESSIVE;
				CLANG_CXX_LANGUAGE_STANDARD = "gnu++20";
				CLANG_ENABLE_MODULES = YES;
				CLANG_ENABLE_OBJC_ARC = YES;
				CLANG_ENABLE_OBJC_WEAK = YES;
				CLANG_WARN_BLOCK_CAPTURE_AUTORELEASING = YES;
				CLANG_WARN_BOOL_CONVERSION = YES;
				CLANG_WARN_COMMA = YES;
				CLANG_WARN_CONSTANT_CONVERSION = YES;
				CLANG_WARN_DEPRECATED_OBJC_IMPLEMENTATIONS = YES;
				CLANG_WARN_DIRECT_OBJC_ISA_USAGE = YES_ERROR;
				CLANG_WARN_DOCUMENTATION_COMMENTS = YES;
				CLANG_WARN_EMPTY_BODY = YES;
				CLANG_WARN_ENUM_CONVERSION = YES;
				CLANG_WARN_INFINITE_RECURSION = YES;
				CLANG_WARN_INT_CONVERSION = YES;
				CLANG_WARN_NON_LITERAL_NULL_CONVERSION = YES;
				CLANG_WARN_OBJC_IMPLICIT_RETAIN_SELF = YES;
				CLANG_WARN_OBJC_LITERAL_CONVERSION = YES;
				CLANG_WARN_OBJC_ROOT_CLASS = YES_ERROR;
				CLANG_WARN_QUOTED_INCLUDE_IN_FRAMEWORK_HEADER = YES;
				CLANG_WARN_RANGE_LOOP_ANALYSIS = YES;
				CLANG_WARN_STRICT_PROTOTYPES = YES;
				CLANG_WARN_SUSPICIOUS_MOVE = YES;
				CLANG_WARN_UNGUARDED_AVAILABILITY = YES_AGGRESSIVE;
				CLANG_WARN_UNREACHABLE_CODE = YES;
				CLANG_WARN__DUPLICATE_METHOD_MATCH = YES;
				COPY_PHASE_STRIP = NO;
				DEBUG_INFORMATION_FORMAT = "dwarf-with-dsym";
				ENABLE_NS_ASSERTIONS = NO;
				ENABLE_STRICT_OBJC_MSGSEND = YES;
				GCC_C_LANGUAGE_STANDARD = gnu11;
				GCC_NO_COMMON_BLOCKS = YES;
				GCC_WARN_64_TO_32_BIT_CONVERSION = YES;
				GCC_WARN_ABOUT_RETURN_TYPE = YES_ERROR;
				GCC_WARN_UNDECLARED_SELECTOR = YES;
				GCC_WARN_UNINITIALIZED_AUTOS = YES_AGGRESSIVE;
				GCC_WARN_UNUSED_FUNCTION = YES;
				GCC_WARN_UNUSED_VARIABLE = YES;
				IPHONEOS_DEPLOYMENT_TARGET = 16.0;
				MTL_ENABLE_DEBUG_INFO = NO;
				MTL_FAST_MATH = YES;
				SDKROOT = iphoneos;
				SWIFT_COMPILATION_MODE = wholemodule;
				SWIFT_OPTIMIZATION_LEVEL = "-O";
				VALIDATE_PRODUCT = YES;
			};
			name = Release;
		};
		B26E4B202A505C600086F8A3 /* Debug */ = {
			isa = XCBuildConfiguration;
			buildSettings = {
				ASSETCATALOG_COMPILER_APPICON_NAME = AppIcon;
				ASSETCATALOG_COMPILER_GLOBAL_ACCENT_COLOR_NAME = AccentColor;
				CODE_SIGN_STYLE = Automatic;
				CURRENT_PROJECT_VERSION = 1;
				DEVELOPMENT_ASSET_PATHS = "\"til/Preview Content\"";
				DEVELOPMENT_TEAM = 8HXUXMV396;
				ENABLE_PREVIEWS = YES;
				GENERATE_INFOPLIST_FILE = YES;
				INFOPLIST_FILE = til/Info.plist;
				INFOPLIST_KEY_UIApplicationSceneManifest_Generation = YES;
				INFOPLIST_KEY_UIApplicationSupportsIndirectInputEvents = YES;
				INFOPLIST_KEY_UILaunchScreen_Generation = YES;
				INFOPLIST_KEY_UISupportedInterfaceOrientations_iPad = "UIInterfaceOrientationPortrait UIInterfaceOrientationPortraitUpsideDown UIInterfaceOrientationLandscapeLeft UIInterfaceOrientationLandscapeRight";
				INFOPLIST_KEY_UISupportedInterfaceOrientations_iPhone = "UIInterfaceOrientationPortrait UIInterfaceOrientationLandscapeLeft UIInterfaceOrientationLandscapeRight";
				LD_RUNPATH_SEARCH_PATHS = (
					"$(inherited)",
					"@executable_path/Frameworks",
				);
				MARKETING_VERSION = 1.0;
				PRODUCT_BUNDLE_IDENTIFIER = com.anna.til;
				PRODUCT_NAME = "$(TARGET_NAME)";
				SWIFT_EMIT_LOC_STRINGS = YES;
				SWIFT_VERSION = 5.0;
				TARGETED_DEVICE_FAMILY = "1,2";
			};
			name = Debug;
		};
		B26E4B212A505C600086F8A3 /* Release */ = {
			isa = XCBuildConfiguration;
			buildSettings = {
				ASSETCATALOG_COMPILER_APPICON_NAME = AppIcon;
				ASSETCATALOG_COMPILER_GLOBAL_ACCENT_COLOR_NAME = AccentColor;
				CODE_SIGN_STYLE = Automatic;
				CURRENT_PROJECT_VERSION = 1;
				DEVELOPMENT_ASSET_PATHS = "\"til/Preview Content\"";
				DEVELOPMENT_TEAM = 8HXUXMV396;
				ENABLE_PREVIEWS = YES;
				GENERATE_INFOPLIST_FILE = YES;
				INFOPLIST_FILE = til/Info.plist;
				INFOPLIST_KEY_UIApplicationSceneManifest_Generation = YES;
				INFOPLIST_KEY_UIApplicationSupportsIndirectInputEvents = YES;
				INFOPLIST_KEY_UILaunchScreen_Generation = YES;
				INFOPLIST_KEY_UISupportedInterfaceOrientations_iPad = "UIInterfaceOrientationPortrait UIInterfaceOrientationPortraitUpsideDown UIInterfaceOrientationLandscapeLeft UIInterfaceOrientationLandscapeRight";
				INFOPLIST_KEY_UISupportedInterfaceOrientations_iPhone = "UIInterfaceOrientationPortrait UIInterfaceOrientationLandscapeLeft UIInterfaceOrientationLandscapeRight";
				LD_RUNPATH_SEARCH_PATHS = (
					"$(inherited)",
					"@executable_path/Frameworks",
				);
				MARKETING_VERSION = 1.0;
				PRODUCT_BUNDLE_IDENTIFIER = com.anna.til;
				PRODUCT_NAME = "$(TARGET_NAME)";
				SWIFT_EMIT_LOC_STRINGS = YES;
				SWIFT_VERSION = 5.0;
				TARGETED_DEVICE_FAMILY = "1,2";
			};
			name = Release;
		};
/* End XCBuildConfiguration section */

/* Begin XCConfigurationList section */
		B26E4B0C2A505C5F0086F8A3 /* Build configuration list for PBXProject "til" */ = {
			isa = XCConfigurationList;
			buildConfigurations = (
				B26E4B1D2A505C600086F8A3 /* Debug */,
				B26E4B1E2A505C600086F8A3 /* Release */,
			);
			defaultConfigurationIsVisible = 0;
			defaultConfigurationName = Release;
		};
		B26E4B1F2A505C600086F8A3 /* Build configuration list for PBXNativeTarget "til" */ = {
			isa = XCConfigurationList;
			buildConfigurations = (
				B26E4B202A505C600086F8A3 /* Debug */,
				B26E4B212A505C600086F8A3 /* Release */,
			);
			defaultConfigurationIsVisible = 0;
			defaultConfigurationName = Release;
		};
/* End XCConfigurationList section */
	};
	rootObject = B26E4B092A505C5F0086F8A3 /* Project object */;
}
